Microsoft Visual Studio Solution File, Format Version 12.00
# Visual Studio Version 17
VisualStudioVersion = 17.5.2.0
MinimumVisualStudioVersion = 10.0.40219.1
Project("{FAE04EC0-301F-11D3-BF4B-00C04F79EFBC}") = "BingGoWebAPI", "backend\BingGoWebAPI.csproj", "{0B97E12E-936A-C29E-4941-00E72DFF348A}"
EndProject
Global
	GlobalSection(SolutionConfigurationPlatforms) = preSolution
		Debug|Any CPU = Debug|Any CPU
		Release|Any CPU = Release|Any CPU
	EndGlobalSection
	GlobalSection(ProjectConfigurationPlatforms) = postSolution
		{0B97E12E-936A-C29E-4941-00E72DFF348A}.Debug|Any CPU.ActiveCfg = Debug|Any CPU
		{0B97E12E-936A-C29E-4941-00E72DFF348A}.Debug|Any CPU.Build.0 = Debug|Any CPU
		{0B97E12E-936A-C29E-4941-00E72DFF348A}.Release|Any CPU.ActiveCfg = Release|Any CPU
		{0B97E12E-936A-C29E-4941-00E72DFF348A}.Release|Any CPU.Build.0 = Release|Any CPU
	EndGlobalSection
	GlobalSection(SolutionProperties) = preSolution
		HideSolutionNode = FALSE
	EndGlobalSection
	GlobalSection(ExtensibilityGlobals) = postSolution
		SolutionGuid = {F7401C88-0D42-43E5-8647-F01F5B7679F0}
	EndGlobalSection
EndGlobal
